// !$*UTF8*$!
{
	archiveVersion = 1;
	classes = {
	};
	objectVersion = 50;
	objects = {

/* Begin PBXBuildFile section */
		D806B91222772507005DC715 /* CategoriesViewController+Alerts.swift in Sources */ = {isa = PBXBuildFile; fileRef = D806B91122772507005DC715 /* CategoriesViewController+Alerts.swift */; };
		D8216FE7249F96A4000C72FD /* AccountTableViewCell.xib in Resources */ = {isa = PBXBuildFile; fileRef = D8216FE6249F96A4000C72FD /* AccountTableViewCell.xib */; };
		D8216FE9249F96AF000C72FD /* AccountTableViewCell.swift in Sources */ = {isa = PBXBuildFile; fileRef = D8216FE8249F96AF000C72FD /* AccountTableViewCell.swift */; };
		D8216FEB24A0125A000C72FD /* CategoriesViewController+TableViewManagement.swift in Sources */ = {isa = PBXBuildFile; fileRef = D8216FEA24A0125A000C72FD /* CategoriesViewController+TableViewManagement.swift */; };
		D8216FED24A0DB39000C72FD /* CategoriesViewController+Metrics.swift in Sources */ = {isa = PBXBuildFile; fileRef = D8216FEC24A0DB39000C72FD /* CategoriesViewController+Metrics.swift */; };
		D8500CB3228AF16D009052DC /* EntriesViewController.swift in Sources */ = {isa = PBXBuildFile; fileRef = D8500CB2228AF16D009052DC /* EntriesViewController.swift */; };
		D851080E24561DDA001752B1 /* DisclosureIndicatorButtonTableViewCell.xib in Resources */ = {isa = PBXBuildFile; fileRef = D851080D24561DDA001752B1 /* DisclosureIndicatorButtonTableViewCell.xib */; };
		D851081024561DEC001752B1 /* DisclosureIndicatorButtonTableViewCell.swift in Sources */ = {isa = PBXBuildFile; fileRef = D851080F24561DEC001752B1 /* DisclosureIndicatorButtonTableViewCell.swift */; };
		D851081224562622001752B1 /* RecentEntryTableViewCell.xib in Resources */ = {isa = PBXBuildFile; fileRef = D851081124562622001752B1 /* RecentEntryTableViewCell.xib */; };
		D85108142456262E001752B1 /* RecentEntryTableViewCell.swift in Sources */ = {isa = PBXBuildFile; fileRef = D85108132456262E001752B1 /* RecentEntryTableViewCell.swift */; };
		D852537624CD1D4000F724EC /* WidgetKit.framework in Frameworks */ = {isa = PBXBuildFile; fileRef = D852537524CD1D4000F724EC /* WidgetKit.framework */; };
		D852537824CD1D4000F724EC /* SwiftUI.framework in Frameworks */ = {isa = PBXBuildFile; fileRef = D852537724CD1D4000F724EC /* SwiftUI.framework */; };
		D852537B24CD1D4000F724EC /* Widget.swift in Sources */ = {isa = PBXBuildFile; fileRef = D852537A24CD1D4000F724EC /* Widget.swift */; };
		D852537E24CD1D4100F724EC /* Assets.xcassets in Resources */ = {isa = PBXBuildFile; fileRef = D852537D24CD1D4100F724EC /* Assets.xcassets */; };
		D852538024CD1D4100F724EC /* Widget.intentdefinition in Sources */ = {isa = PBXBuildFile; fileRef = D852537C24CD1D4000F724EC /* Widget.intentdefinition */; };
		D852538124CD1D4100F724EC /* Widget.intentdefinition in Sources */ = {isa = PBXBuildFile; fileRef = D852537C24CD1D4000F724EC /* Widget.intentdefinition */; };
		D852538424CD1D4100F724EC /* WidgetExtension.appex in Embed App Extensions */ = {isa = PBXBuildFile; fileRef = D852537324CD1D4000F724EC /* WidgetExtension.appex */; settings = {ATTRIBUTES = (RemoveHeadersOnCopy, ); }; };
		D855812321BDE9A200DCB577 /* AppDelegate.swift in Sources */ = {isa = PBXBuildFile; fileRef = D855812221BDE9A200DCB577 /* AppDelegate.swift */; };
		D855812521BDE9A200DCB577 /* LandingViewController.swift in Sources */ = {isa = PBXBuildFile; fileRef = D855812421BDE9A200DCB577 /* LandingViewController.swift */; };
		D855812821BDE9A200DCB577 /* Main.storyboard in Resources */ = {isa = PBXBuildFile; fileRef = D855812621BDE9A200DCB577 /* Main.storyboard */; };
		D855812B21BDE9A200DCB577 /* Time_iOS.xcdatamodeld in Sources */ = {isa = PBXBuildFile; fileRef = D855812921BDE9A200DCB577 /* Time_iOS.xcdatamodeld */; };
		D855812D21BDE9A400DCB577 /* Assets.xcassets in Resources */ = {isa = PBXBuildFile; fileRef = D855812C21BDE9A400DCB577 /* Assets.xcassets */; };
		D855813021BDE9A400DCB577 /* LaunchScreen.storyboard in Resources */ = {isa = PBXBuildFile; fileRef = D855812E21BDE9A400DCB577 /* LaunchScreen.storyboard */; };
		D856108925C3A52B00A325B3 /* EntryView.swift in Sources */ = {isa = PBXBuildFile; fileRef = D856108825C3A52B00A325B3 /* EntryView.swift */; };
		D856108C25CB928B00A325B3 /* RecentCategory.swift in Sources */ = {isa = PBXBuildFile; fileRef = D856108B25CB928B00A325B3 /* RecentCategory.swift */; };
		D856108E25CB9BDC00A325B3 /* QuantityMetric.swift in Sources */ = {isa = PBXBuildFile; fileRef = D856108D25CB9BDC00A325B3 /* QuantityMetric.swift */; };
		D856109025CBA44600A325B3 /* ListItem.swift in Sources */ = {isa = PBXBuildFile; fileRef = D856108F25CBA44600A325B3 /* ListItem.swift */; };
		D856E83824D6EFD0001E564A /* Constants.swift in Sources */ = {isa = PBXBuildFile; fileRef = D856E83724D6EFD0001E564A /* Constants.swift */; };
		D856E83924D6EFD0001E564A /* Constants.swift in Sources */ = {isa = PBXBuildFile; fileRef = D856E83724D6EFD0001E564A /* Constants.swift */; };
		D856E83D24D70629001E564A /* TimeSDK.framework in Frameworks */ = {isa = PBXBuildFile; fileRef = D8FB6ABE220B18CD002C0456 /* TimeSDK.framework */; };
		D856E83E24D70629001E564A /* TimeSDK.framework in Embed Frameworks */ = {isa = PBXBuildFile; fileRef = D8FB6ABE220B18CD002C0456 /* TimeSDK.framework */; settings = {ATTRIBUTES = (CodeSignOnCopy, RemoveHeadersOnCopy, ); }; };
		D85B0A4A2246DD1A00835E55 /* LoginViewController.swift in Sources */ = {isa = PBXBuildFile; fileRef = D85B0A492246DD1A00835E55 /* LoginViewController.swift */; };
		D85B0A4C2246DD2100835E55 /* CategoriesViewController.swift in Sources */ = {isa = PBXBuildFile; fileRef = D85B0A4B2246DD2100835E55 /* CategoriesViewController.swift */; };
		D85CFB012462ED07005E1AE2 /* CategoryTableViewCell.swift in Sources */ = {isa = PBXBuildFile; fileRef = D85CFB002462ED07005E1AE2 /* CategoryTableViewCell.swift */; };
		D85CFB032462ED13005E1AE2 /* CategoryTableViewCell.xib in Resources */ = {isa = PBXBuildFile; fileRef = D85CFB022462ED13005E1AE2 /* CategoryTableViewCell.xib */; };
		D86AB86F24982E3300F71BE1 /* EntryTableViewCell.xib in Resources */ = {isa = PBXBuildFile; fileRef = D86AB86E24982E3300F71BE1 /* EntryTableViewCell.xib */; };
		D86AB87124982E3E00F71BE1 /* EntryTableViewCell.swift in Sources */ = {isa = PBXBuildFile; fileRef = D86AB87024982E3E00F71BE1 /* EntryTableViewCell.swift */; };
		D89CEA0D2482BBE9002913AA /* MetricTotalSplitView.swift in Sources */ = {isa = PBXBuildFile; fileRef = D89CEA0C2482BBE9002913AA /* MetricTotalSplitView.swift */; };
		D89CEA0F2482BBF8002913AA /* MetricTotalSplitView.xib in Resources */ = {isa = PBXBuildFile; fileRef = D89CEA0E2482BBF8002913AA /* MetricTotalSplitView.xib */; };
		D8A1B50424CD223000580DCA /* Colors.swift in Sources */ = {isa = PBXBuildFile; fileRef = D89CEA102482CB07002913AA /* Colors.swift */; };
		D8A1B50524CD226900580DCA /* Colors.swift in Sources */ = {isa = PBXBuildFile; fileRef = D89CEA102482CB07002913AA /* Colors.swift */; };
		D8C3726724829C75002E9C85 /* MetricTotalTableViewCell.swift in Sources */ = {isa = PBXBuildFile; fileRef = D8C3726624829C75002E9C85 /* MetricTotalTableViewCell.swift */; };
		D8C3726924829C82002E9C85 /* MetricTotalTableViewCell.xib in Resources */ = {isa = PBXBuildFile; fileRef = D8C3726824829C82002E9C85 /* MetricTotalTableViewCell.xib */; };
		D8CB930F25CEE79F00C250E9 /* Home.swift in Sources */ = {isa = PBXBuildFile; fileRef = D8CB930E25CEE79F00C250E9 /* Home.swift */; };
		D8CB931225CEE95C00C250E9 /* Text+.swift in Sources */ = {isa = PBXBuildFile; fileRef = D8CB931125CEE95C00C250E9 /* Text+.swift */; };
		D8CB931425CF460700C250E9 /* Unwrap.swift in Sources */ = {isa = PBXBuildFile; fileRef = D8CB931325CF460700C250E9 /* Unwrap.swift */; };
		D8CB935125D03FA500C250E9 /* Warehouse.swift in Sources */ = {isa = PBXBuildFile; fileRef = D8CB935025D03FA500C250E9 /* Warehouse.swift */; };
		D8D3BA9623C4C024002B0082 /* Settings.bundle in Resources */ = {isa = PBXBuildFile; fileRef = D8D3BA9523C4C024002B0082 /* Settings.bundle */; };
		D8DD2A432331083600F26665 /* HomeViewController.swift in Sources */ = {isa = PBXBuildFile; fileRef = D8DD2A422331083500F26665 /* HomeViewController.swift */; };
		D8E85C34229D682C00204D14 /* EntriesViewController+Alerts.swift in Sources */ = {isa = PBXBuildFile; fileRef = D8E85C33229D682C00204D14 /* EntriesViewController+Alerts.swift */; };
		D8F549B123A9005D009E8512 /* ImportListViewController.swift in Sources */ = {isa = PBXBuildFile; fileRef = D8F549B023A9005D009E8512 /* ImportListViewController.swift */; };
		D8F549B323A90429009E8512 /* NewImportViewController.swift in Sources */ = {isa = PBXBuildFile; fileRef = D8F549B223A90429009E8512 /* NewImportViewController.swift */; };
		D8FB6ABF220B18CD002C0456 /* TimeSDK.framework in Frameworks */ = {isa = PBXBuildFile; fileRef = D8FB6ABE220B18CD002C0456 /* TimeSDK.framework */; };
		D8FB6AC0220B18CD002C0456 /* TimeSDK.framework in Embed Frameworks */ = {isa = PBXBuildFile; fileRef = D8FB6ABE220B18CD002C0456 /* TimeSDK.framework */; settings = {ATTRIBUTES = (CodeSignOnCopy, RemoveHeadersOnCopy, ); }; };
/* End PBXBuildFile section */

/* Begin PBXContainerItemProxy section */
		D852538224CD1D4100F724EC /* PBXContainerItemProxy */ = {
			isa = PBXContainerItemProxy;
			containerPortal = D855811721BDE9A200DCB577 /* Project object */;
			proxyType = 1;
			remoteGlobalIDString = D852537224CD1D4000F724EC;
			remoteInfo = WidgetExtension;
		};
/* End PBXContainerItemProxy section */

/* Begin PBXCopyFilesBuildPhase section */
		D852538524CD1D4100F724EC /* Embed App Extensions */ = {
			isa = PBXCopyFilesBuildPhase;
			buildActionMask = 2147483647;
			dstPath = "";
			dstSubfolderSpec = 13;
			files = (
				D852538424CD1D4100F724EC /* WidgetExtension.appex in Embed App Extensions */,
			);
			name = "Embed App Extensions";
			runOnlyForDeploymentPostprocessing = 0;
		};
		D856E83F24D70629001E564A /* Embed Frameworks */ = {
			isa = PBXCopyFilesBuildPhase;
			buildActionMask = 2147483647;
			dstPath = "";
			dstSubfolderSpec = 10;
			files = (
				D856E83E24D70629001E564A /* TimeSDK.framework in Embed Frameworks */,
			);
			name = "Embed Frameworks";
			runOnlyForDeploymentPostprocessing = 0;
		};
		D8FB6AC1220B18CD002C0456 /* Embed Frameworks */ = {
			isa = PBXCopyFilesBuildPhase;
			buildActionMask = 2147483647;
			dstPath = "";
			dstSubfolderSpec = 10;
			files = (
				D8FB6AC0220B18CD002C0456 /* TimeSDK.framework in Embed Frameworks */,
			);
			name = "Embed Frameworks";
			runOnlyForDeploymentPostprocessing = 0;
		};
/* End PBXCopyFilesBuildPhase section */

/* Begin PBXFileReference section */
		D806B91122772507005DC715 /* CategoriesViewController+Alerts.swift */ = {isa = PBXFileReference; lastKnownFileType = sourcecode.swift; path = "CategoriesViewController+Alerts.swift"; sourceTree = "<group>"; };
		D8216FE6249F96A4000C72FD /* AccountTableViewCell.xib */ = {isa = PBXFileReference; fileEncoding = 4; lastKnownFileType = file.xib; path = AccountTableViewCell.xib; sourceTree = "<group>"; };
		D8216FE8249F96AF000C72FD /* AccountTableViewCell.swift */ = {isa = PBXFileReference; fileEncoding = 4; lastKnownFileType = sourcecode.swift; path = AccountTableViewCell.swift; sourceTree = "<group>"; };
		D8216FEA24A0125A000C72FD /* CategoriesViewController+TableViewManagement.swift */ = {isa = PBXFileReference; lastKnownFileType = sourcecode.swift; path = "CategoriesViewController+TableViewManagement.swift"; sourceTree = "<group>"; };
		D8216FEC24A0DB39000C72FD /* CategoriesViewController+Metrics.swift */ = {isa = PBXFileReference; lastKnownFileType = sourcecode.swift; path = "CategoriesViewController+Metrics.swift"; sourceTree = "<group>"; };
		D8500CB2228AF16D009052DC /* EntriesViewController.swift */ = {isa = PBXFileReference; lastKnownFileType = sourcecode.swift; path = EntriesViewController.swift; sourceTree = "<group>"; };
		D851080D24561DDA001752B1 /* DisclosureIndicatorButtonTableViewCell.xib */ = {isa = PBXFileReference; lastKnownFileType = file.xib; path = DisclosureIndicatorButtonTableViewCell.xib; sourceTree = "<group>"; };
		D851080F24561DEC001752B1 /* DisclosureIndicatorButtonTableViewCell.swift */ = {isa = PBXFileReference; lastKnownFileType = sourcecode.swift; path = DisclosureIndicatorButtonTableViewCell.swift; sourceTree = "<group>"; };
		D851081124562622001752B1 /* RecentEntryTableViewCell.xib */ = {isa = PBXFileReference; lastKnownFileType = file.xib; path = RecentEntryTableViewCell.xib; sourceTree = "<group>"; };
		D85108132456262E001752B1 /* RecentEntryTableViewCell.swift */ = {isa = PBXFileReference; lastKnownFileType = sourcecode.swift; path = RecentEntryTableViewCell.swift; sourceTree = "<group>"; };
		D852537324CD1D4000F724EC /* WidgetExtension.appex */ = {isa = PBXFileReference; explicitFileType = "wrapper.app-extension"; includeInIndex = 0; path = WidgetExtension.appex; sourceTree = BUILT_PRODUCTS_DIR; };
		D852537524CD1D4000F724EC /* WidgetKit.framework */ = {isa = PBXFileReference; lastKnownFileType = wrapper.framework; name = WidgetKit.framework; path = System/Library/Frameworks/WidgetKit.framework; sourceTree = SDKROOT; };
		D852537724CD1D4000F724EC /* SwiftUI.framework */ = {isa = PBXFileReference; lastKnownFileType = wrapper.framework; name = SwiftUI.framework; path = System/Library/Frameworks/SwiftUI.framework; sourceTree = SDKROOT; };
		D852537A24CD1D4000F724EC /* Widget.swift */ = {isa = PBXFileReference; lastKnownFileType = sourcecode.swift; path = Widget.swift; sourceTree = "<group>"; };
		D852537C24CD1D4000F724EC /* Widget.intentdefinition */ = {isa = PBXFileReference; lastKnownFileType = file.intentdefinition; path = Widget.intentdefinition; sourceTree = "<group>"; };
		D852537D24CD1D4100F724EC /* Assets.xcassets */ = {isa = PBXFileReference; lastKnownFileType = folder.assetcatalog; path = Assets.xcassets; sourceTree = "<group>"; };
		D852537F24CD1D4100F724EC /* Info.plist */ = {isa = PBXFileReference; lastKnownFileType = text.plist.xml; path = Info.plist; sourceTree = "<group>"; };
		D855811F21BDE9A200DCB577 /* Time-iOS.app */ = {isa = PBXFileReference; explicitFileType = wrapper.application; includeInIndex = 0; path = "Time-iOS.app"; sourceTree = BUILT_PRODUCTS_DIR; };
		D855812221BDE9A200DCB577 /* AppDelegate.swift */ = {isa = PBXFileReference; lastKnownFileType = sourcecode.swift; path = AppDelegate.swift; sourceTree = "<group>"; };
		D855812421BDE9A200DCB577 /* LandingViewController.swift */ = {isa = PBXFileReference; lastKnownFileType = sourcecode.swift; path = LandingViewController.swift; sourceTree = "<group>"; };
		D855812721BDE9A200DCB577 /* Base */ = {isa = PBXFileReference; lastKnownFileType = file.storyboard; name = Base; path = Base.lproj/Main.storyboard; sourceTree = "<group>"; };
		D855812A21BDE9A200DCB577 /* Time_iOS.xcdatamodel */ = {isa = PBXFileReference; lastKnownFileType = wrapper.xcdatamodel; path = Time_iOS.xcdatamodel; sourceTree = "<group>"; };
		D855812C21BDE9A400DCB577 /* Assets.xcassets */ = {isa = PBXFileReference; lastKnownFileType = folder.assetcatalog; path = Assets.xcassets; sourceTree = "<group>"; };
		D855812F21BDE9A400DCB577 /* Base */ = {isa = PBXFileReference; lastKnownFileType = file.storyboard; name = Base; path = Base.lproj/LaunchScreen.storyboard; sourceTree = "<group>"; };
		D855813121BDE9A400DCB577 /* Info.plist */ = {isa = PBXFileReference; lastKnownFileType = text.plist.xml; path = Info.plist; sourceTree = "<group>"; };
		D856108825C3A52B00A325B3 /* EntryView.swift */ = {isa = PBXFileReference; lastKnownFileType = sourcecode.swift; path = EntryView.swift; sourceTree = "<group>"; };
		D856108B25CB928B00A325B3 /* RecentCategory.swift */ = {isa = PBXFileReference; lastKnownFileType = sourcecode.swift; path = RecentCategory.swift; sourceTree = "<group>"; };
		D856108D25CB9BDC00A325B3 /* QuantityMetric.swift */ = {isa = PBXFileReference; lastKnownFileType = sourcecode.swift; path = QuantityMetric.swift; sourceTree = "<group>"; };
		D856108F25CBA44600A325B3 /* ListItem.swift */ = {isa = PBXFileReference; lastKnownFileType = sourcecode.swift; path = ListItem.swift; sourceTree = "<group>"; };
		D856E83524D6EA4C001E564A /* WidgetExtension.entitlements */ = {isa = PBXFileReference; lastKnownFileType = text.plist.entitlements; path = WidgetExtension.entitlements; sourceTree = "<group>"; };
		D856E83724D6EFD0001E564A /* Constants.swift */ = {isa = PBXFileReference; lastKnownFileType = sourcecode.swift; path = Constants.swift; sourceTree = "<group>"; };
		D85B0A492246DD1A00835E55 /* LoginViewController.swift */ = {isa = PBXFileReference; lastKnownFileType = sourcecode.swift; path = LoginViewController.swift; sourceTree = "<group>"; };
		D85B0A4B2246DD2100835E55 /* CategoriesViewController.swift */ = {isa = PBXFileReference; lastKnownFileType = sourcecode.swift; path = CategoriesViewController.swift; sourceTree = "<group>"; };
		D85CFB002462ED07005E1AE2 /* CategoryTableViewCell.swift */ = {isa = PBXFileReference; lastKnownFileType = sourcecode.swift; path = CategoryTableViewCell.swift; sourceTree = "<group>"; };
		D85CFB022462ED13005E1AE2 /* CategoryTableViewCell.xib */ = {isa = PBXFileReference; lastKnownFileType = file.xib; path = CategoryTableViewCell.xib; sourceTree = "<group>"; };
		D86AB86E24982E3300F71BE1 /* EntryTableViewCell.xib */ = {isa = PBXFileReference; lastKnownFileType = file.xib; path = EntryTableViewCell.xib; sourceTree = "<group>"; };
		D86AB87024982E3E00F71BE1 /* EntryTableViewCell.swift */ = {isa = PBXFileReference; lastKnownFileType = sourcecode.swift; path = EntryTableViewCell.swift; sourceTree = "<group>"; };
		D89CEA0C2482BBE9002913AA /* MetricTotalSplitView.swift */ = {isa = PBXFileReference; lastKnownFileType = sourcecode.swift; path = MetricTotalSplitView.swift; sourceTree = "<group>"; };
		D89CEA0E2482BBF8002913AA /* MetricTotalSplitView.xib */ = {isa = PBXFileReference; lastKnownFileType = file.xib; path = MetricTotalSplitView.xib; sourceTree = "<group>"; };
		D89CEA102482CB07002913AA /* Colors.swift */ = {isa = PBXFileReference; lastKnownFileType = sourcecode.swift; path = Colors.swift; sourceTree = "<group>"; };
		D8C3726624829C75002E9C85 /* MetricTotalTableViewCell.swift */ = {isa = PBXFileReference; lastKnownFileType = sourcecode.swift; path = MetricTotalTableViewCell.swift; sourceTree = "<group>"; };
		D8C3726824829C82002E9C85 /* MetricTotalTableViewCell.xib */ = {isa = PBXFileReference; lastKnownFileType = file.xib; path = MetricTotalTableViewCell.xib; sourceTree = "<group>"; };
		D8CB930E25CEE79F00C250E9 /* Home.swift */ = {isa = PBXFileReference; lastKnownFileType = sourcecode.swift; path = Home.swift; sourceTree = "<group>"; };
		D8CB931125CEE95C00C250E9 /* Text+.swift */ = {isa = PBXFileReference; lastKnownFileType = sourcecode.swift; path = "Text+.swift"; sourceTree = "<group>"; };
		D8CB931325CF460700C250E9 /* Unwrap.swift */ = {isa = PBXFileReference; lastKnownFileType = sourcecode.swift; path = Unwrap.swift; sourceTree = "<group>"; };
		D8CB935025D03FA500C250E9 /* Warehouse.swift */ = {isa = PBXFileReference; lastKnownFileType = sourcecode.swift; path = Warehouse.swift; sourceTree = "<group>"; };
		D8D3BA9423C42BA7002B0082 /* Time-iOS.entitlements */ = {isa = PBXFileReference; lastKnownFileType = text.plist.entitlements; path = "Time-iOS.entitlements"; sourceTree = "<group>"; };
		D8D3BA9523C4C024002B0082 /* Settings.bundle */ = {isa = PBXFileReference; lastKnownFileType = "wrapper.plug-in"; path = Settings.bundle; sourceTree = "<group>"; };
		D8DD2A422331083500F26665 /* HomeViewController.swift */ = {isa = PBXFileReference; lastKnownFileType = sourcecode.swift; path = HomeViewController.swift; sourceTree = "<group>"; };
		D8E85C33229D682C00204D14 /* EntriesViewController+Alerts.swift */ = {isa = PBXFileReference; lastKnownFileType = sourcecode.swift; path = "EntriesViewController+Alerts.swift"; sourceTree = "<group>"; };
		D8F549B023A9005D009E8512 /* ImportListViewController.swift */ = {isa = PBXFileReference; lastKnownFileType = sourcecode.swift; path = ImportListViewController.swift; sourceTree = "<group>"; };
		D8F549B223A90429009E8512 /* NewImportViewController.swift */ = {isa = PBXFileReference; lastKnownFileType = sourcecode.swift; path = NewImportViewController.swift; sourceTree = "<group>"; };
		D8FB6ABE220B18CD002C0456 /* TimeSDK.framework */ = {isa = PBXFileReference; explicitFileType = wrapper.framework; path = TimeSDK.framework; sourceTree = BUILT_PRODUCTS_DIR; };
/* End PBXFileReference section */

/* Begin PBXFrameworksBuildPhase section */
		D852537024CD1D4000F724EC /* Frameworks */ = {
			isa = PBXFrameworksBuildPhase;
			buildActionMask = 2147483647;
			files = (
				D856E83D24D70629001E564A /* TimeSDK.framework in Frameworks */,
				D852537824CD1D4000F724EC /* SwiftUI.framework in Frameworks */,
				D852537624CD1D4000F724EC /* WidgetKit.framework in Frameworks */,
			);
			runOnlyForDeploymentPostprocessing = 0;
		};
		D855811C21BDE9A200DCB577 /* Frameworks */ = {
			isa = PBXFrameworksBuildPhase;
			buildActionMask = 2147483647;
			files = (
				D8FB6ABF220B18CD002C0456 /* TimeSDK.framework in Frameworks */,
			);
			runOnlyForDeploymentPostprocessing = 0;
		};
/* End PBXFrameworksBuildPhase section */

/* Begin PBXGroup section */
		D851080B24561D22001752B1 /* Cells */ = {
			isa = PBXGroup;
			children = (
				D8216FE8249F96AF000C72FD /* AccountTableViewCell.swift */,
				D8216FE6249F96A4000C72FD /* AccountTableViewCell.xib */,
				D85CFB002462ED07005E1AE2 /* CategoryTableViewCell.swift */,
				D85CFB022462ED13005E1AE2 /* CategoryTableViewCell.xib */,
				D851080F24561DEC001752B1 /* DisclosureIndicatorButtonTableViewCell.swift */,
				D851080D24561DDA001752B1 /* DisclosureIndicatorButtonTableViewCell.xib */,
				D86AB87024982E3E00F71BE1 /* EntryTableViewCell.swift */,
				D86AB86E24982E3300F71BE1 /* EntryTableViewCell.xib */,
				D89CEA0C2482BBE9002913AA /* MetricTotalSplitView.swift */,
				D89CEA0E2482BBF8002913AA /* MetricTotalSplitView.xib */,
				D8C3726624829C75002E9C85 /* MetricTotalTableViewCell.swift */,
				D8C3726824829C82002E9C85 /* MetricTotalTableViewCell.xib */,
				D85108132456262E001752B1 /* RecentEntryTableViewCell.swift */,
				D851081124562622001752B1 /* RecentEntryTableViewCell.xib */,
			);
			name = Cells;
			sourceTree = "<group>";
		};
		D852537424CD1D4000F724EC /* Frameworks */ = {
			isa = PBXGroup;
			children = (
				D852537524CD1D4000F724EC /* WidgetKit.framework */,
				D852537724CD1D4000F724EC /* SwiftUI.framework */,
			);
			name = Frameworks;
			sourceTree = "<group>";
		};
		D852537924CD1D4000F724EC /* Widget */ = {
			isa = PBXGroup;
			children = (
				D856E83524D6EA4C001E564A /* WidgetExtension.entitlements */,
				D852537D24CD1D4100F724EC /* Assets.xcassets */,
				D852537C24CD1D4000F724EC /* Widget.intentdefinition */,
				D852537F24CD1D4100F724EC /* Info.plist */,
				D852537A24CD1D4000F724EC /* Widget.swift */,
			);
			path = Widget;
			sourceTree = "<group>";
		};
		D855811621BDE9A200DCB577 = {
			isa = PBXGroup;
			children = (
				D8FB6ABE220B18CD002C0456 /* TimeSDK.framework */,
				D855812121BDE9A200DCB577 /* iOS */,
				D852537924CD1D4000F724EC /* Widget */,
				D856E83624D6EFBF001E564A /* Shared */,
				D852537424CD1D4000F724EC /* Frameworks */,
				D855812021BDE9A200DCB577 /* Products */,
			);
			sourceTree = "<group>";
		};
		D855812021BDE9A200DCB577 /* Products */ = {
			isa = PBXGroup;
			children = (
				D855811F21BDE9A200DCB577 /* Time-iOS.app */,
				D852537324CD1D4000F724EC /* WidgetExtension.appex */,
			);
			name = Products;
			sourceTree = "<group>";
		};
		D855812121BDE9A200DCB577 /* iOS */ = {
			isa = PBXGroup;
			children = (
				D8D3BA9423C42BA7002B0082 /* Time-iOS.entitlements */,
				D8D3BA9523C4C024002B0082 /* Settings.bundle */,
				D855812221BDE9A200DCB577 /* AppDelegate.swift */,
				D855812E21BDE9A400DCB577 /* LaunchScreen.storyboard */,
				D855812C21BDE9A400DCB577 /* Assets.xcassets */,
				D855813121BDE9A400DCB577 /* Info.plist */,
				D855812921BDE9A200DCB577 /* Time_iOS.xcdatamodeld */,
				D85B0A482246D72F00835E55 /* Views */,
			);
			path = iOS;
			sourceTree = "<group>";
		};
		D856108A25CB926B00A325B3 /* SwiftUI */ = {
			isa = PBXGroup;
			children = (
				D8CB930D25CEE77A00C250E9 /* Views */,
				D8CB930C25CEE77300C250E9 /* Cells */,
				D8CB931025CEE90B00C250E9 /* Modifiers */,
				D8CB934F25D03F7E00C250E9 /* Models */,
			);
			name = SwiftUI;
			sourceTree = "<group>";
		};
		D856E83624D6EFBF001E564A /* Shared */ = {
			isa = PBXGroup;
			children = (
				D89CEA102482CB07002913AA /* Colors.swift */,
				D856E83724D6EFD0001E564A /* Constants.swift */,
			);
			path = Shared;
			sourceTree = "<group>";
		};
		D85B0A482246D72F00835E55 /* Views */ = {
			isa = PBXGroup;
			children = (
				D855812621BDE9A200DCB577 /* Main.storyboard */,
				D855812421BDE9A200DCB577 /* LandingViewController.swift */,
				D85B0A492246DD1A00835E55 /* LoginViewController.swift */,
				D8DD2A422331083500F26665 /* HomeViewController.swift */,
				D85B0A4B2246DD2100835E55 /* CategoriesViewController.swift */,
				D806B91122772507005DC715 /* CategoriesViewController+Alerts.swift */,
				D8216FEC24A0DB39000C72FD /* CategoriesViewController+Metrics.swift */,
				D8216FEA24A0125A000C72FD /* CategoriesViewController+TableViewManagement.swift */,
				D8500CB2228AF16D009052DC /* EntriesViewController.swift */,
				D8E85C33229D682C00204D14 /* EntriesViewController+Alerts.swift */,
				D8F549B023A9005D009E8512 /* ImportListViewController.swift */,
				D8F549B223A90429009E8512 /* NewImportViewController.swift */,
				D851080B24561D22001752B1 /* Cells */,
				D856108A25CB926B00A325B3 /* SwiftUI */,
			);
			name = Views;
			sourceTree = "<group>";
		};
		D8CB930C25CEE77300C250E9 /* Cells */ = {
			isa = PBXGroup;
			children = (
				D856108B25CB928B00A325B3 /* RecentCategory.swift */,
				D856108D25CB9BDC00A325B3 /* QuantityMetric.swift */,
				D856108F25CBA44600A325B3 /* ListItem.swift */,
			);
			name = Cells;
			sourceTree = "<group>";
		};
		D8CB930D25CEE77A00C250E9 /* Views */ = {
			isa = PBXGroup;
			children = (
				D8CB930E25CEE79F00C250E9 /* Home.swift */,
				D856108825C3A52B00A325B3 /* EntryView.swift */,
			);
			name = Views;
			sourceTree = "<group>";
		};
		D8CB931025CEE90B00C250E9 /* Modifiers */ = {
			isa = PBXGroup;
			children = (
				D8CB931125CEE95C00C250E9 /* Text+.swift */,
				D8CB931325CF460700C250E9 /* Unwrap.swift */,
			);
			name = Modifiers;
			sourceTree = "<group>";
		};
		D8CB934F25D03F7E00C250E9 /* Models */ = {
			isa = PBXGroup;
			children = (
				D8CB935025D03FA500C250E9 /* Warehouse.swift */,
			);
			name = Models;
			sourceTree = "<group>";
		};
/* End PBXGroup section */

/* Begin PBXNativeTarget section */
		D852537224CD1D4000F724EC /* WidgetExtension */ = {
			isa = PBXNativeTarget;
			buildConfigurationList = D852538824CD1D4100F724EC /* Build configuration list for PBXNativeTarget "WidgetExtension" */;
			buildPhases = (
				D852536F24CD1D4000F724EC /* Sources */,
				D852537024CD1D4000F724EC /* Frameworks */,
				D852537124CD1D4000F724EC /* Resources */,
				D856E83F24D70629001E564A /* Embed Frameworks */,
			);
			buildRules = (
			);
			dependencies = (
			);
			name = WidgetExtension;
			productName = WidgetExtension;
			productReference = D852537324CD1D4000F724EC /* WidgetExtension.appex */;
			productType = "com.apple.product-type.app-extension";
		};
		D855811E21BDE9A200DCB577 /* iOS */ = {
			isa = PBXNativeTarget;
			buildConfigurationList = D855813421BDE9A400DCB577 /* Build configuration list for PBXNativeTarget "iOS" */;
			buildPhases = (
				D855811B21BDE9A200DCB577 /* Sources */,
				D855811C21BDE9A200DCB577 /* Frameworks */,
				D855811D21BDE9A200DCB577 /* Resources */,
				D8FB6AC1220B18CD002C0456 /* Embed Frameworks */,
				D852538524CD1D4100F724EC /* Embed App Extensions */,
			);
			buildRules = (
			);
			dependencies = (
				D852538324CD1D4100F724EC /* PBXTargetDependency */,
			);
			name = iOS;
			productName = "Time-iOS";
			productReference = D855811F21BDE9A200DCB577 /* Time-iOS.app */;
			productType = "com.apple.product-type.application";
		};
/* End PBXNativeTarget section */

/* Begin PBXProject section */
		D855811721BDE9A200DCB577 /* Project object */ = {
			isa = PBXProject;
			attributes = {
				LastSwiftUpdateCheck = 1200;
				LastUpgradeCheck = 1200;
				ORGANIZATIONNAME = nathantornquist;
				TargetAttributes = {
					D852537224CD1D4000F724EC = {
						CreatedOnToolsVersion = 12.0;
					};
					D855811E21BDE9A200DCB577 = {
						CreatedOnToolsVersion = 10.1;
						LastSwiftMigration = 1020;
					};
				};
			};
			buildConfigurationList = D855811A21BDE9A200DCB577 /* Build configuration list for PBXProject "iOS" */;
			compatibilityVersion = "Xcode 9.3";
			developmentRegion = en;
			hasScannedForEncodings = 0;
			knownRegions = (
				en,
				Base,
			);
			mainGroup = D855811621BDE9A200DCB577;
			productRefGroup = D855812021BDE9A200DCB577 /* Products */;
			projectDirPath = "";
			projectRoot = "";
			targets = (
				D855811E21BDE9A200DCB577 /* iOS */,
				D852537224CD1D4000F724EC /* WidgetExtension */,
			);
		};
/* End PBXProject section */

/* Begin PBXResourcesBuildPhase section */
		D852537124CD1D4000F724EC /* Resources */ = {
			isa = PBXResourcesBuildPhase;
			buildActionMask = 2147483647;
			files = (
				D852537E24CD1D4100F724EC /* Assets.xcassets in Resources */,
			);
			runOnlyForDeploymentPostprocessing = 0;
		};
		D855811D21BDE9A200DCB577 /* Resources */ = {
			isa = PBXResourcesBuildPhase;
			buildActionMask = 2147483647;
			files = (
				D8C3726924829C82002E9C85 /* MetricTotalTableViewCell.xib in Resources */,
				D8D3BA9623C4C024002B0082 /* Settings.bundle in Resources */,
				D86AB86F24982E3300F71BE1 /* EntryTableViewCell.xib in Resources */,
				D85CFB032462ED13005E1AE2 /* CategoryTableViewCell.xib in Resources */,
				D851080E24561DDA001752B1 /* DisclosureIndicatorButtonTableViewCell.xib in Resources */,
				D89CEA0F2482BBF8002913AA /* MetricTotalSplitView.xib in Resources */,
				D855813021BDE9A400DCB577 /* LaunchScreen.storyboard in Resources */,
				D855812D21BDE9A400DCB577 /* Assets.xcassets in Resources */,
				D855812821BDE9A200DCB577 /* Main.storyboard in Resources */,
				D851081224562622001752B1 /* RecentEntryTableViewCell.xib in Resources */,
				D8216FE7249F96A4000C72FD /* AccountTableViewCell.xib in Resources */,
			);
			runOnlyForDeploymentPostprocessing = 0;
		};
/* End PBXResourcesBuildPhase section */

/* Begin PBXSourcesBuildPhase section */
		D852536F24CD1D4000F724EC /* Sources */ = {
			isa = PBXSourcesBuildPhase;
			buildActionMask = 2147483647;
			files = (
				D852538024CD1D4100F724EC /* Widget.intentdefinition in Sources */,
				D8A1B50524CD226900580DCA /* Colors.swift in Sources */,
				D852537B24CD1D4000F724EC /* Widget.swift in Sources */,
				D856E83924D6EFD0001E564A /* Constants.swift in Sources */,
			);
			runOnlyForDeploymentPostprocessing = 0;
		};
		D855811B21BDE9A200DCB577 /* Sources */ = {
			isa = PBXSourcesBuildPhase;
			buildActionMask = 2147483647;
			files = (
				D8CB931225CEE95C00C250E9 /* Text+.swift in Sources */,
				D806B91222772507005DC715 /* CategoriesViewController+Alerts.swift in Sources */,
				D8A1B50424CD223000580DCA /* Colors.swift in Sources */,
				D85108142456262E001752B1 /* RecentEntryTableViewCell.swift in Sources */,
				D8F549B323A90429009E8512 /* NewImportViewController.swift in Sources */,
				D85B0A4C2246DD2100835E55 /* CategoriesViewController.swift in Sources */,
				D8216FED24A0DB39000C72FD /* CategoriesViewController+Metrics.swift in Sources */,
				D8CB930F25CEE79F00C250E9 /* Home.swift in Sources */,
				D856E83824D6EFD0001E564A /* Constants.swift in Sources */,
				D8216FE9249F96AF000C72FD /* AccountTableViewCell.swift in Sources */,
				D89CEA0D2482BBE9002913AA /* MetricTotalSplitView.swift in Sources */,
				D86AB87124982E3E00F71BE1 /* EntryTableViewCell.swift in Sources */,
				D85B0A4A2246DD1A00835E55 /* LoginViewController.swift in Sources */,
				D855812521BDE9A200DCB577 /* LandingViewController.swift in Sources */,
				D8CB931425CF460700C250E9 /* Unwrap.swift in Sources */,
				D8E85C34229D682C00204D14 /* EntriesViewController+Alerts.swift in Sources */,
				D8DD2A432331083600F26665 /* HomeViewController.swift in Sources */,
				D8C3726724829C75002E9C85 /* MetricTotalTableViewCell.swift in Sources */,
				D8216FEB24A0125A000C72FD /* CategoriesViewController+TableViewManagement.swift in Sources */,
				D855812B21BDE9A200DCB577 /* Time_iOS.xcdatamodeld in Sources */,
				D856108C25CB928B00A325B3 /* RecentCategory.swift in Sources */,
				D851081024561DEC001752B1 /* DisclosureIndicatorButtonTableViewCell.swift in Sources */,
				D8F549B123A9005D009E8512 /* ImportListViewController.swift in Sources */,
				D85CFB012462ED07005E1AE2 /* CategoryTableViewCell.swift in Sources */,
				D856109025CBA44600A325B3 /* ListItem.swift in Sources */,
				D8500CB3228AF16D009052DC /* EntriesViewController.swift in Sources */,
				D856108E25CB9BDC00A325B3 /* QuantityMetric.swift in Sources */,
				D8CB935125D03FA500C250E9 /* Warehouse.swift in Sources */,
				D852538124CD1D4100F724EC /* Widget.intentdefinition in Sources */,
				D855812321BDE9A200DCB577 /* AppDelegate.swift in Sources */,
				D856108925C3A52B00A325B3 /* EntryView.swift in Sources */,
			);
			runOnlyForDeploymentPostprocessing = 0;
		};
/* End PBXSourcesBuildPhase section */

/* Begin PBXTargetDependency section */
		D852538324CD1D4100F724EC /* PBXTargetDependency */ = {
			isa = PBXTargetDependency;
			target = D852537224CD1D4000F724EC /* WidgetExtension */;
			targetProxy = D852538224CD1D4100F724EC /* PBXContainerItemProxy */;
		};
/* End PBXTargetDependency section */

/* Begin PBXVariantGroup section */
		D855812621BDE9A200DCB577 /* Main.storyboard */ = {
			isa = PBXVariantGroup;
			children = (
				D855812721BDE9A200DCB577 /* Base */,
			);
			name = Main.storyboard;
			sourceTree = "<group>";
		};
		D855812E21BDE9A400DCB577 /* LaunchScreen.storyboard */ = {
			isa = PBXVariantGroup;
			children = (
				D855812F21BDE9A400DCB577 /* Base */,
			);
			name = LaunchScreen.storyboard;
			sourceTree = "<group>";
		};
/* End PBXVariantGroup section */

/* Begin XCBuildConfiguration section */
		D852538624CD1D4100F724EC /* Debug */ = {
			isa = XCBuildConfiguration;
			buildSettings = {
				ASSETCATALOG_COMPILER_GLOBAL_ACCENT_COLOR_NAME = AccentColor;
				ASSETCATALOG_COMPILER_WIDGET_BACKGROUND_COLOR_NAME = WidgetBackground;
				CLANG_WARN_QUOTED_INCLUDE_IN_FRAMEWORK_HEADER = YES;
				CODE_SIGN_ENTITLEMENTS = Widget/WidgetExtension.entitlements;
				CODE_SIGN_STYLE = Automatic;
				DEVELOPMENT_TEAM = 99AECXNBFU;
				INFOPLIST_FILE = Widget/Info.plist;
				IPHONEOS_DEPLOYMENT_TARGET = 14.0;
				LD_RUNPATH_SEARCH_PATHS = (
					"$(inherited)",
					"@executable_path/Frameworks",
					"@executable_path/../../Frameworks",
				);
				PRODUCT_BUNDLE_IDENTIFIER = "com.nathantornquist.Time-iOS.Widget";
				PRODUCT_NAME = "$(TARGET_NAME)";
				SKIP_INSTALL = YES;
				SWIFT_VERSION = 5.0;
				TARGETED_DEVICE_FAMILY = "1,2";
			};
			name = Debug;
		};
		D852538724CD1D4100F724EC /* Release */ = {
			isa = XCBuildConfiguration;
			buildSettings = {
				ASSETCATALOG_COMPILER_GLOBAL_ACCENT_COLOR_NAME = AccentColor;
				ASSETCATALOG_COMPILER_WIDGET_BACKGROUND_COLOR_NAME = WidgetBackground;
				CLANG_WARN_QUOTED_INCLUDE_IN_FRAMEWORK_HEADER = YES;
				CODE_SIGN_ENTITLEMENTS = Widget/WidgetExtension.entitlements;
				CODE_SIGN_STYLE = Automatic;
				DEVELOPMENT_TEAM = 99AECXNBFU;
				INFOPLIST_FILE = Widget/Info.plist;
				IPHONEOS_DEPLOYMENT_TARGET = 14.0;
				LD_RUNPATH_SEARCH_PATHS = (
					"$(inherited)",
					"@executable_path/Frameworks",
					"@executable_path/../../Frameworks",
				);
				PRODUCT_BUNDLE_IDENTIFIER = "com.nathantornquist.Time-iOS.Widget";
				PRODUCT_NAME = "$(TARGET_NAME)";
				SKIP_INSTALL = YES;
				SWIFT_VERSION = 5.0;
				TARGETED_DEVICE_FAMILY = "1,2";
			};
			name = Release;
		};
		D855813221BDE9A400DCB577 /* Debug */ = {
			isa = XCBuildConfiguration;
			buildSettings = {
				ALWAYS_SEARCH_USER_PATHS = NO;
				CLANG_ANALYZER_NONNULL = YES;
				CLANG_ANALYZER_NUMBER_OBJECT_CONVERSION = YES_AGGRESSIVE;
				CLANG_CXX_LANGUAGE_STANDARD = "gnu++14";
				CLANG_CXX_LIBRARY = "libc++";
				CLANG_ENABLE_MODULES = YES;
				CLANG_ENABLE_OBJC_ARC = YES;
				CLANG_ENABLE_OBJC_WEAK = YES;
				CLANG_WARN_BLOCK_CAPTURE_AUTORELEASING = YES;
				CLANG_WARN_BOOL_CONVERSION = YES;
				CLANG_WARN_COMMA = YES;
				CLANG_WARN_CONSTANT_CONVERSION = YES;
				CLANG_WARN_DEPRECATED_OBJC_IMPLEMENTATIONS = YES;
				CLANG_WARN_DIRECT_OBJC_ISA_USAGE = YES_ERROR;
				CLANG_WARN_DOCUMENTATION_COMMENTS = YES;
				CLANG_WARN_EMPTY_BODY = YES;
				CLANG_WARN_ENUM_CONVERSION = YES;
				CLANG_WARN_INFINITE_RECURSION = YES;
				CLANG_WARN_INT_CONVERSION = YES;
				CLANG_WARN_NON_LITERAL_NULL_CONVERSION = YES;
				CLANG_WARN_OBJC_IMPLICIT_RETAIN_SELF = YES;
				CLANG_WARN_OBJC_LITERAL_CONVERSION = YES;
				CLANG_WARN_OBJC_ROOT_CLASS = YES_ERROR;
				CLANG_WARN_QUOTED_INCLUDE_IN_FRAMEWORK_HEADER = YES;
				CLANG_WARN_RANGE_LOOP_ANALYSIS = YES;
				CLANG_WARN_STRICT_PROTOTYPES = YES;
				CLANG_WARN_SUSPICIOUS_MOVE = YES;
				CLANG_WARN_UNGUARDED_AVAILABILITY = YES_AGGRESSIVE;
				CLANG_WARN_UNREACHABLE_CODE = YES;
				CLANG_WARN__DUPLICATE_METHOD_MATCH = YES;
				CODE_SIGN_IDENTITY = "iPhone Developer";
				COPY_PHASE_STRIP = NO;
				DEBUG_INFORMATION_FORMAT = dwarf;
				ENABLE_STRICT_OBJC_MSGSEND = YES;
				ENABLE_TESTABILITY = YES;
				GCC_C_LANGUAGE_STANDARD = gnu11;
				GCC_DYNAMIC_NO_PIC = NO;
				GCC_NO_COMMON_BLOCKS = YES;
				GCC_OPTIMIZATION_LEVEL = 0;
				GCC_PREPROCESSOR_DEFINITIONS = (
					"DEBUG=1",
					"$(inherited)",
				);
				GCC_WARN_64_TO_32_BIT_CONVERSION = YES;
				GCC_WARN_ABOUT_RETURN_TYPE = YES_ERROR;
				GCC_WARN_UNDECLARED_SELECTOR = YES;
				GCC_WARN_UNINITIALIZED_AUTOS = YES_AGGRESSIVE;
				GCC_WARN_UNUSED_FUNCTION = YES;
				GCC_WARN_UNUSED_VARIABLE = YES;
				IPHONEOS_DEPLOYMENT_TARGET = 14.0;
				MTL_ENABLE_DEBUG_INFO = INCLUDE_SOURCE;
				MTL_FAST_MATH = YES;
				ONLY_ACTIVE_ARCH = YES;
				SDKROOT = iphoneos;
				SWIFT_ACTIVE_COMPILATION_CONDITIONS = DEBUG;
				SWIFT_OPTIMIZATION_LEVEL = "-Onone";
			};
			name = Debug;
		};
		D855813321BDE9A400DCB577 /* Release */ = {
			isa = XCBuildConfiguration;
			buildSettings = {
				ALWAYS_SEARCH_USER_PATHS = NO;
				CLANG_ANALYZER_NONNULL = YES;
				CLANG_ANALYZER_NUMBER_OBJECT_CONVERSION = YES_AGGRESSIVE;
				CLANG_CXX_LANGUAGE_STANDARD = "gnu++14";
				CLANG_CXX_LIBRARY = "libc++";
				CLANG_ENABLE_MODULES = YES;
				CLANG_ENABLE_OBJC_ARC = YES;
				CLANG_ENABLE_OBJC_WEAK = YES;
				CLANG_WARN_BLOCK_CAPTURE_AUTORELEASING = YES;
				CLANG_WARN_BOOL_CONVERSION = YES;
				CLANG_WARN_COMMA = YES;
				CLANG_WARN_CONSTANT_CONVERSION = YES;
				CLANG_WARN_DEPRECATED_OBJC_IMPLEMENTATIONS = YES;
				CLANG_WARN_DIRECT_OBJC_ISA_USAGE = YES_ERROR;
				CLANG_WARN_DOCUMENTATION_COMMENTS = YES;
				CLANG_WARN_EMPTY_BODY = YES;
				CLANG_WARN_ENUM_CONVERSION = YES;
				CLANG_WARN_INFINITE_RECURSION = YES;
				CLANG_WARN_INT_CONVERSION = YES;
				CLANG_WARN_NON_LITERAL_NULL_CONVERSION = YES;
				CLANG_WARN_OBJC_IMPLICIT_RETAIN_SELF = YES;
				CLANG_WARN_OBJC_LITERAL_CONVERSION = YES;
				CLANG_WARN_OBJC_ROOT_CLASS = YES_ERROR;
				CLANG_WARN_QUOTED_INCLUDE_IN_FRAMEWORK_HEADER = YES;
				CLANG_WARN_RANGE_LOOP_ANALYSIS = YES;
				CLANG_WARN_STRICT_PROTOTYPES = YES;
				CLANG_WARN_SUSPICIOUS_MOVE = YES;
				CLANG_WARN_UNGUARDED_AVAILABILITY = YES_AGGRESSIVE;
				CLANG_WARN_UNREACHABLE_CODE = YES;
				CLANG_WARN__DUPLICATE_METHOD_MATCH = YES;
				CODE_SIGN_IDENTITY = "iPhone Developer";
				COPY_PHASE_STRIP = NO;
				DEBUG_INFORMATION_FORMAT = "dwarf-with-dsym";
				ENABLE_NS_ASSERTIONS = NO;
				ENABLE_STRICT_OBJC_MSGSEND = YES;
				GCC_C_LANGUAGE_STANDARD = gnu11;
				GCC_NO_COMMON_BLOCKS = YES;
				GCC_WARN_64_TO_32_BIT_CONVERSION = YES;
				GCC_WARN_ABOUT_RETURN_TYPE = YES_ERROR;
				GCC_WARN_UNDECLARED_SELECTOR = YES;
				GCC_WARN_UNINITIALIZED_AUTOS = YES_AGGRESSIVE;
				GCC_WARN_UNUSED_FUNCTION = YES;
				GCC_WARN_UNUSED_VARIABLE = YES;
				IPHONEOS_DEPLOYMENT_TARGET = 14.0;
				MTL_ENABLE_DEBUG_INFO = NO;
				MTL_FAST_MATH = YES;
				SDKROOT = iphoneos;
				SWIFT_COMPILATION_MODE = wholemodule;
				SWIFT_OPTIMIZATION_LEVEL = "-O";
				VALIDATE_PRODUCT = YES;
			};
			name = Release;
		};
		D855813521BDE9A400DCB577 /* Debug */ = {
			isa = XCBuildConfiguration;
			buildSettings = {
				ALWAYS_EMBED_SWIFT_STANDARD_LIBRARIES = YES;
				ASSETCATALOG_COMPILER_APPICON_NAME = AppIcon;
				CODE_SIGN_ENTITLEMENTS = "iOS/Time-iOS.entitlements";
				CODE_SIGN_STYLE = Automatic;
				DEVELOPMENT_TEAM = 99AECXNBFU;
				INFOPLIST_FILE = "$(SRCROOT)/iOS/Info.plist";
				IPHONEOS_DEPLOYMENT_TARGET = 14.0;
				LD_RUNPATH_SEARCH_PATHS = (
					"$(inherited)",
					"@executable_path/Frameworks",
				);
				PRODUCT_BUNDLE_IDENTIFIER = "com.nathantornquist.Time-iOS";
				PRODUCT_NAME = "Time-iOS";
				SWIFT_VERSION = 5.0;
				TARGETED_DEVICE_FAMILY = "1,2";
			};
			name = Debug;
		};
		D855813621BDE9A400DCB577 /* Release */ = {
			isa = XCBuildConfiguration;
			buildSettings = {
				ALWAYS_EMBED_SWIFT_STANDARD_LIBRARIES = YES;
				ASSETCATALOG_COMPILER_APPICON_NAME = AppIcon;
				CODE_SIGN_ENTITLEMENTS = "iOS/Time-iOS.entitlements";
				CODE_SIGN_STYLE = Automatic;
				DEVELOPMENT_TEAM = 99AECXNBFU;
				INFOPLIST_FILE = "$(SRCROOT)/iOS/Info.plist";
				IPHONEOS_DEPLOYMENT_TARGET = 14.0;
				LD_RUNPATH_SEARCH_PATHS = (
					"$(inherited)",
					"@executable_path/Frameworks",
				);
				PRODUCT_BUNDLE_IDENTIFIER = "com.nathantornquist.Time-iOS";
				PRODUCT_NAME = "Time-iOS";
				SWIFT_VERSION = 5.0;
				TARGETED_DEVICE_FAMILY = "1,2";
			};
			name = Release;
		};
/* End XCBuildConfiguration section */

/* Begin XCConfigurationList section */
		D852538824CD1D4100F724EC /* Build configuration list for PBXNativeTarget "WidgetExtension" */ = {
			isa = XCConfigurationList;
			buildConfigurations = (
				D852538624CD1D4100F724EC /* Debug */,
				D852538724CD1D4100F724EC /* Release */,
			);
			defaultConfigurationIsVisible = 0;
			defaultConfigurationName = Release;
		};
		D855811A21BDE9A200DCB577 /* Build configuration list for PBXProject "iOS" */ = {
			isa = XCConfigurationList;
			buildConfigurations = (
				D855813221BDE9A400DCB577 /* Debug */,
				D855813321BDE9A400DCB577 /* Release */,
			);
			defaultConfigurationIsVisible = 0;
			defaultConfigurationName = Release;
		};
		D855813421BDE9A400DCB577 /* Build configuration list for PBXNativeTarget "iOS" */ = {
			isa = XCConfigurationList;
			buildConfigurations = (
				D855813521BDE9A400DCB577 /* Debug */,
				D855813621BDE9A400DCB577 /* Release */,
			);
			defaultConfigurationIsVisible = 0;
			defaultConfigurationName = Release;
		};
/* End XCConfigurationList section */

/* Begin XCVersionGroup section */
		D855812921BDE9A200DCB577 /* Time_iOS.xcdatamodeld */ = {
			isa = XCVersionGroup;
			children = (
				D855812A21BDE9A200DCB577 /* Time_iOS.xcdatamodel */,
			);
			currentVersion = D855812A21BDE9A200DCB577 /* Time_iOS.xcdatamodel */;
			path = Time_iOS.xcdatamodeld;
			sourceTree = "<group>";
			versionGroupType = wrapper.xcdatamodel;
		};
/* End XCVersionGroup section */
	};
	rootObject = D855811721BDE9A200DCB577 /* Project object */;
}
